
Microsoft Visual Studio Solution File, Format Version 12.00
# Visual Studio Version 17
VisualStudioVersion = 17.7.34031.279
MinimumVisualStudioVersion = 10.0.40219.1
Project("{FAE04EC0-301F-11D3-BF4B-00C04F79EFBC}") = "PokemonReviewApp", "PokemonReviewApp.csproj", "{3F8F742F-4A0D-4462-B036-C58D65A2C8DB}"
EndProject
Global
	GlobalSection(SolutionConfigurationPlatforms) = preSolution
		Debug|Any CPU = Debug|Any CPU
		Release|Any CPU = Release|Any CPU
	EndGlobalSection
	GlobalSection(ProjectConfigurationPlatforms) = postSolution
		{3F8F742F-4A0D-4462-B036-C58D65A2C8DB}.Debug|Any CPU.ActiveCfg = Debug|Any CPU
		{3F8F742F-4A0D-4462-B036-C58D65A2C8DB}.Debug|Any CPU.Build.0 = Debug|Any CPU
		{3F8F742F-4A0D-4462-B036-C58D65A2C8DB}.Release|Any CPU.ActiveCfg = Release|Any CPU
		{3F8F742F-4A0D-4462-B036-C58D65A2C8DB}.Release|Any CPU.Build.0 = Release|Any CPU
	EndGlobalSection
	GlobalSection(SolutionProperties) = preSolution
		HideSolutionNode = FALSE
	EndGlobalSection
	GlobalSection(ExtensibilityGlobals) = postSolution
		SolutionGuid = {12C29726-ACD5-457B-A066-6AF5E899A551}
	EndGlobalSection
EndGlobal
